# This file is automatically @generated by Cargo.
# It is not intended for manual editing.
version = 3

[[package]]
name = "fled"
version = "0.1.0"
dependencies = [
 "log",
]

[[package]]
name = "frontend"
version = "0.1.0"
dependencies = [
 "fled",
 "lexopt",
 "log",
 "winsafe",
]

[[package]]
name = "lexopt"
version = "0.3.0"
source = "registry+https://github.com/rust-lang/crates.io-index"
checksum = "baff4b617f7df3d896f97fe922b64817f6cd9a756bb81d40f8883f2f66dcb401"

[[package]]
name = "log"
version = "0.4.21"
source = "registry+https://github.com/rust-lang/crates.io-index"
checksum = "90ed8c1e510134f979dbc4f070f87d4313098b704861a105fe34231c70a3901c"

[[package]]
name = "winsafe"
version = "0.0.20"
source = "registry+https://github.com/rust-lang/crates.io-index"
checksum = "a40369220be405a294b88b13ccc3d916fac12423250b30092c8c4ea19001f7f1"
